
Microsoft Visual Studio Solution File, Format Version 12.00
# Visual Studio Version 17
VisualStudioVersion = 17.6.33829.357
MinimumVisualStudioVersion = 10.0.40219.1
Project("{FAE04EC0-301F-11D3-BF4B-00C04F79EFBC}") = "ST_WebApp", "ST_WebApp\ST_WebApp.csproj", "{DDF1172B-7230-43FB-918E-2193EC99980D}"
EndProject
Global
	GlobalSection(SolutionConfigurationPlatforms) = preSolution
		Debug|Any CPU = Debug|Any CPU
		Release|Any CPU = Release|Any CPU
	EndGlobalSection
	GlobalSection(ProjectConfigurationPlatforms) = postSolution
		{DDF1172B-7230-43FB-918E-2193EC99980D}.Debug|Any CPU.ActiveCfg = Debug|Any CPU
		{DDF1172B-7230-43FB-918E-2193EC99980D}.Debug|Any CPU.Build.0 = Debug|Any CPU
		{DDF1172B-7230-43FB-918E-2193EC99980D}.Release|Any CPU.ActiveCfg = Release|Any CPU
		{DDF1172B-7230-43FB-918E-2193EC99980D}.Release|Any CPU.Build.0 = Release|Any CPU
	EndGlobalSection
	GlobalSection(SolutionProperties) = preSolution
		HideSolutionNode = FALSE
	EndGlobalSection
	GlobalSection(ExtensibilityGlobals) = postSolution
		SolutionGuid = {B3FB5037-4EB0-475A-BBB9-6B77C33CC961}
	EndGlobalSection
EndGlobal
